// !$*UTF8*$!
{
	archiveVersion = 1;
	classes = {
	};
	objectVersion = 46;
	objects = {

/* Begin PBXBuildFile section */
		E976BBE91CDD0D8500970FC4 /* main.m in Sources */ = {isa = PBXBuildFile; fileRef = E976BBE81CDD0D8500970FC4 /* main.m */; };
		E976BBF11CDD0DEF00970FC4 /* NSString+PigLatin.m in Sources */ = {isa = PBXBuildFile; fileRef = E976BBF01CDD0DEF00970FC4 /* NSString+PigLatin.m */; };
/* End PBXBuildFile section */

/* Begin PBXCopyFilesBuildPhase section */
		E976BBE31CDD0D8500970FC4 /* CopyFiles */ = {
			isa = PBXCopyFilesBuildPhase;
			buildActionMask = 2147483647;
			dstPath = /usr/share/man/man1/;
			dstSubfolderSpec = 0;
			files = (
			);
			runOnlyForDeploymentPostprocessing = 1;
		};
/* End PBXCopyFilesBuildPhase section */

/* Begin PBXFileReference section */
		E976BBE51CDD0D8500970FC4 /* PigLatin */ = {isa = PBXFileReference; explicitFileType = "compiled.mach-o.executable"; includeInIndex = 0; path = PigLatin; sourceTree = BUILT_PRODUCTS_DIR; };
		E976BBE81CDD0D8500970FC4 /* main.m */ = {isa = PBXFileReference; lastKnownFileType = sourcecode.c.objc; path = main.m; sourceTree = "<group>"; };
		E976BBEF1CDD0DEF00970FC4 /* NSString+PigLatin.h */ = {isa = PBXFileReference; fileEncoding = 4; lastKnownFileType = sourcecode.c.h; path = "NSString+PigLatin.h"; sourceTree = "<group>"; };
		E976BBF01CDD0DEF00970FC4 /* NSString+PigLatin.m */ = {isa = PBXFileReference; fileEncoding = 4; lastKnownFileType = sourcecode.c.objc; path = "NSString+PigLatin.m"; sourceTree = "<group>"; };
/* End PBXFileReference section */

/* Begin PBXFrameworksBuildPhase section */
		E976BBE21CDD0D8500970FC4 /* Frameworks */ = {
			isa = PBXFrameworksBuildPhase;
			buildActionMask = 2147483647;
			files = (
			);
			runOnlyForDeploymentPostprocessing = 0;
		};
/* End PBXFrameworksBuildPhase section */

/* Begin PBXGroup section */
		E976BBDC1CDD0D8500970FC4 = {
			isa = PBXGroup;
			children = (
				E976BBE71CDD0D8500970FC4 /* PigLatin */,
				E976BBE61CDD0D8500970FC4 /* Products */,
			);
			sourceTree = "<group>";
		};
		E976BBE61CDD0D8500970FC4 /* Products */ = {
			isa = PBXGroup;
			children = (
				E976BBE51CDD0D8500970FC4 /* PigLatin */,
			);
			name = Products;
			sourceTree = "<group>";
		};
		E976BBE71CDD0D8500970FC4 /* PigLatin */ = {
			isa = PBXGroup;
			children = (
				E976BBE81CDD0D8500970FC4 /* main.m */,
				E976BBEF1CDD0DEF00970FC4 /* NSString+PigLatin.h */,
				E976BBF01CDD0DEF00970FC4 /* NSString+PigLatin.m */,
			);
			path = PigLatin;
			sourceTree = "<group>";
		};
/* End PBXGroup section */

/* Begin PBXNativeTarget section */
		E976BBE41CDD0D8500970FC4 /* PigLatin */ = {
			isa = PBXNativeTarget;
			buildConfigurationList = E976BBEC1CDD0D8500970FC4 /* Build configuration list for PBXNativeTarget "PigLatin" */;
			buildPhases = (
				E976BBE11CDD0D8500970FC4 /* Sources */,
				E976BBE21CDD0D8500970FC4 /* Frameworks */,
				E976BBE31CDD0D8500970FC4 /* CopyFiles */,
			);
			buildRules = (
			);
			dependencies = (
			);
			name = PigLatin;
			productName = PigLatin;
			productReference = E976BBE51CDD0D8500970FC4 /* PigLatin */;
			productType = "com.apple.product-type.tool";
		};
/* End PBXNativeTarget section */

/* Begin PBXProject section */
		E976BBDD1CDD0D8500970FC4 /* Project object */ = {
			isa = PBXProject;
			attributes = {
				LastUpgradeCheck = 0730;
				ORGANIZATIONNAME = "Anton Moiseev";
				TargetAttributes = {
					E976BBE41CDD0D8500970FC4 = {
						CreatedOnToolsVersion = 7.3;
					};
				};
			};
			buildConfigurationList = E976BBE01CDD0D8500970FC4 /* Build configuration list for PBXProject "PigLatin" */;
			compatibilityVersion = "Xcode 3.2";
			developmentRegion = English;
			hasScannedForEncodings = 0;
			knownRegions = (
				en,
			);
			mainGroup = E976BBDC1CDD0D8500970FC4;
			productRefGroup = E976BBE61CDD0D8500970FC4 /* Products */;
			projectDirPath = "";
			projectRoot = "";
			targets = (
				E976BBE41CDD0D8500970FC4 /* PigLatin */,
			);
		};
/* End PBXProject section */

/* Begin PBXSourcesBuildPhase section */
		E976BBE11CDD0D8500970FC4 /* Sources */ = {
			isa = PBXSourcesBuildPhase;
			buildActionMask = 2147483647;
			files = (
				E976BBF11CDD0DEF00970FC4 /* NSString+PigLatin.m in Sources */,
				E976BBE91CDD0D8500970FC4 /* main.m in Sources */,
			);
			runOnlyForDeploymentPostprocessing = 0;
		};
/* End PBXSourcesBuildPhase section */

/* Begin XCBuildConfiguration section */
		E976BBEA1CDD0D8500970FC4 /* Debug */ = {
			isa = XCBuildConfiguration;
			buildSettings = {
				ALWAYS_SEARCH_USER_PATHS = NO;
				CLANG_ANALYZER_NONNULL = YES;
				CLANG_CXX_LANGUAGE_STANDARD = "gnu++0x";
				CLANG_CXX_LIBRARY = "libc++";
				CLANG_ENABLE_MODULES = YES;
				CLANG_ENABLE_OBJC_ARC = YES;
				CLANG_WARN_BOOL_CONVERSION = YES;
				CLANG_WARN_CONSTANT_CONVERSION = YES;
				CLANG_WARN_DIRECT_OBJC_ISA_USAGE = YES_ERROR;
				CLANG_WARN_EMPTY_BODY = YES;
				CLANG_WARN_ENUM_CONVERSION = YES;
				CLANG_WARN_INT_CONVERSION = YES;
				CLANG_WARN_OBJC_ROOT_CLASS = YES_ERROR;
				CLANG_WARN_UNREACHABLE_CODE = YES;
				CLANG_WARN__DUPLICATE_METHOD_MATCH = YES;
				CODE_SIGN_IDENTITY = "-";
				COPY_PHASE_STRIP = NO;
				DEBUG_INFORMATION_FORMAT = dwarf;
				ENABLE_STRICT_OBJC_MSGSEND = YES;
				ENABLE_TESTABILITY = YES;
				GCC_C_LANGUAGE_STANDARD = gnu99;
				GCC_DYNAMIC_NO_PIC = NO;
				GCC_NO_COMMON_BLOCKS = YES;
				GCC_OPTIMIZATION_LEVEL = 0;
				GCC_PREPROCESSOR_DEFINITIONS = (
					"DEBUG=1",
					"$(inherited)",
				);
				GCC_WARN_64_TO_32_BIT_CONVERSION = YES;
				GCC_WARN_ABOUT_RETURN_TYPE = YES_ERROR;
				GCC_WARN_UNDECLARED_SELECTOR = YES;
				GCC_WARN_UNINITIALIZED_AUTOS = YES_AGGRESSIVE;
				GCC_WARN_UNUSED_FUNCTION = YES;
				GCC_WARN_UNUSED_VARIABLE = YES;
				MACOSX_DEPLOYMENT_TARGET = 10.11;
				MTL_ENABLE_DEBUG_INFO = YES;
				ONLY_ACTIVE_ARCH = YES;
				SDKROOT = macosx;
			};
			name = Debug;
		};
		E976BBEB1CDD0D8500970FC4 /* Release */ = {
			isa = XCBuildConfiguration;
			buildSettings = {
				ALWAYS_SEARCH_USER_PATHS = NO;
				CLANG_ANALYZER_NONNULL = YES;
				CLANG_CXX_LANGUAGE_STANDARD = "gnu++0x";
				CLANG_CXX_LIBRARY = "libc++";
				CLANG_ENABLE_MODULES = YES;
				CLANG_ENABLE_OBJC_ARC = YES;
				CLANG_WARN_BOOL_CONVERSION = YES;
				CLANG_WARN_CONSTANT_CONVERSION = YES;
				CLANG_WARN_DIRECT_OBJC_ISA_USAGE = YES_ERROR;
				CLANG_WARN_EMPTY_BODY = YES;
				CLANG_WARN_ENUM_CONVERSION = YES;
				CLANG_WARN_INT_CONVERSION = YES;
				CLANG_WARN_OBJC_ROOT_CLASS = YES_ERROR;
				CLANG_WARN_UNREACHABLE_CODE = YES;
				CLANG_WARN__DUPLICATE_METHOD_MATCH = YES;
				CODE_SIGN_IDENTITY = "-";
				COPY_PHASE_STRIP = NO;
				DEBUG_INFORMATION_FORMAT = "dwarf-with-dsym";
				ENABLE_NS_ASSERTIONS = NO;
				ENABLE_STRICT_OBJC_MSGSEND = YES;
				GCC_C_LANGUAGE_STANDARD = gnu99;
				GCC_NO_COMMON_BLOCKS = YES;
				GCC_WARN_64_TO_32_BIT_CONVERSION = YES;
				GCC_WARN_ABOUT_RETURN_TYPE = YES_ERROR;
				GCC_WARN_UNDECLARED_SELECTOR = YES;
				GCC_WARN_UNINITIALIZED_AUTOS = YES_AGGRESSIVE;
				GCC_WARN_UNUSED_FUNCTION = YES;
				GCC_WARN_UNUSED_VARIABLE = YES;
				MACOSX_DEPLOYMENT_TARGET = 10.11;
				MTL_ENABLE_DEBUG_INFO = NO;
				SDKROOT = macosx;
			};
			name = Release;
		};
		E976BBED1CDD0D8500970FC4 /* Debug */ = {
			isa = XCBuildConfiguration;
			buildSettings = {
				PRODUCT_NAME = "$(TARGET_NAME)";
			};
			name = Debug;
		};
		E976BBEE1CDD0D8500970FC4 /* Release */ = {
			isa = XCBuildConfiguration;
			buildSettings = {
				PRODUCT_NAME = "$(TARGET_NAME)";
			};
			name = Release;
		};
/* End XCBuildConfiguration section */

/* Begin XCConfigurationList section */
		E976BBE01CDD0D8500970FC4 /* Build configuration list for PBXProject "PigLatin" */ = {
			isa = XCConfigurationList;
			buildConfigurations = (
				E976BBEA1CDD0D8500970FC4 /* Debug */,
				E976BBEB1CDD0D8500970FC4 /* Release */,
			);
			defaultConfigurationIsVisible = 0;
			defaultConfigurationName = Release;
		};
		E976BBEC1CDD0D8500970FC4 /* Build configuration list for PBXNativeTarget "PigLatin" */ = {
			isa = XCConfigurationList;
			buildConfigurations = (
				E976BBED1CDD0D8500970FC4 /* Debug */,
				E976BBEE1CDD0D8500970FC4 /* Release */,
			);
			defaultConfigurationIsVisible = 0;
		};
/* End XCConfigurationList section */
	};
	rootObject = E976BBDD1CDD0D8500970FC4 /* Project object */;
}
